Microsoft Visual Studio Solution File, Format Version 12.00
# Visual Studio Version 17
VisualStudioVersion = 17.9.34321.82
MinimumVisualStudioVersion = 10.0.40219.1
Project("{9A19103F-16F7-4668-BE54-9A1E7A4F7556}") = "Microsoft.Protocols.Tds", "src\Microsoft.Protocols.Tds\Microsoft.Protocols.Tds.csproj", "{94042D6C-45D3-4EC6-BB2C-0E66C80A04F8}"
EndProject
Project("{9A19103F-16F7-4668-BE54-9A1E7A4F7556}") = "TdsSample", "samples\TdsSample\TdsSample.csproj", "{042AFE6D-EF1B-44D9-9AEB-0B67D063DAB9}"
EndProject
Project("{2150E333-8FDC-42A3-9474-1A3956D46DE8}") = "Solution Items", "Solution Items", "{77DCA1C9-0224-45A3-8BC3-785A09BE1B19}"
	ProjectSection(SolutionItems) = preProject
		compose.yml = compose.yml
		Directory.Build.props = Directory.Build.props
		Directory.Build.targets = Directory.Build.targets
		global.json = global.json
		nuget.config = nuget.config
	EndProjectSection
EndProject
Project("{9A19103F-16F7-4668-BE54-9A1E7A4F7556}") = "Microsoft.Protocols.Tds.Bedrock", "src\Microsoft.Protocols.Tds.Bedrock\Microsoft.Protocols.Tds.Bedrock.csproj", "{FD4F567F-875D-4343-9ED2-263B520A9D4A}"
EndProject
Project("{2150E333-8FDC-42A3-9474-1A3956D46DE8}") = "src", "src", "{D7556A80-5F3E-4578-97B0-30DBE74EA908}"
EndProject
Project("{2150E333-8FDC-42A3-9474-1A3956D46DE8}") = "samples", "samples", "{4E5383ED-03A7-4BC8-BAF8-18732F8038A0}"
EndProject
Project("{2150E333-8FDC-42A3-9474-1A3956D46DE8}") = "tests", "tests", "{A8FC9E4B-4698-41B0-BC92-D8BB0CB8880B}"
EndProject
Project("{9A19103F-16F7-4668-BE54-9A1E7A4F7556}") = "Microsoft.Protocols.Tds.Tests", "tests\Microsoft.Protocols.Tds.Tests\Microsoft.Protocols.Tds.Tests.csproj", "{B69B1726-39B6-45A5-AE5A-659114EC1FB2}"
EndProject
Project("{9A19103F-16F7-4668-BE54-9A1E7A4F7556}") = "Microsoft.Protocols.Tds.Pipelines", "src\Microsoft.Protocols.Tds.Pipelines\Microsoft.Protocols.Tds.Pipelines.csproj", "{C18EC756-5BEE-4C9E-B199-61D1E3E8D068}"
EndProject
Global
	GlobalSection(SolutionConfigurationPlatforms) = preSolution
		Debug|Any CPU = Debug|Any CPU
		Release|Any CPU = Release|Any CPU
	EndGlobalSection
	GlobalSection(ProjectConfigurationPlatforms) = postSolution
		{94042D6C-45D3-4EC6-BB2C-0E66C80A04F8}.Debug|Any CPU.ActiveCfg = Debug|Any CPU
		{94042D6C-45D3-4EC6-BB2C-0E66C80A04F8}.Debug|Any CPU.Build.0 = Debug|Any CPU
		{94042D6C-45D3-4EC6-BB2C-0E66C80A04F8}.Release|Any CPU.ActiveCfg = Release|Any CPU
		{94042D6C-45D3-4EC6-BB2C-0E66C80A04F8}.Release|Any CPU.Build.0 = Release|Any CPU
		{042AFE6D-EF1B-44D9-9AEB-0B67D063DAB9}.Debug|Any CPU.ActiveCfg = Debug|Any CPU
		{042AFE6D-EF1B-44D9-9AEB-0B67D063DAB9}.Debug|Any CPU.Build.0 = Debug|Any CPU
		{042AFE6D-EF1B-44D9-9AEB-0B67D063DAB9}.Release|Any CPU.ActiveCfg = Release|Any CPU
		{042AFE6D-EF1B-44D9-9AEB-0B67D063DAB9}.Release|Any CPU.Build.0 = Release|Any CPU
		{FD4F567F-875D-4343-9ED2-263B520A9D4A}.Debug|Any CPU.ActiveCfg = Debug|Any CPU
		{FD4F567F-875D-4343-9ED2-263B520A9D4A}.Debug|Any CPU.Build.0 = Debug|Any CPU
		{FD4F567F-875D-4343-9ED2-263B520A9D4A}.Release|Any CPU.ActiveCfg = Release|Any CPU
		{FD4F567F-875D-4343-9ED2-263B520A9D4A}.Release|Any CPU.Build.0 = Release|Any CPU
		{B69B1726-39B6-45A5-AE5A-659114EC1FB2}.Debug|Any CPU.ActiveCfg = Debug|Any CPU
		{B69B1726-39B6-45A5-AE5A-659114EC1FB2}.Debug|Any CPU.Build.0 = Debug|Any CPU
		{B69B1726-39B6-45A5-AE5A-659114EC1FB2}.Release|Any CPU.ActiveCfg = Release|Any CPU
		{B69B1726-39B6-45A5-AE5A-659114EC1FB2}.Release|Any CPU.Build.0 = Release|Any CPU
		{C18EC756-5BEE-4C9E-B199-61D1E3E8D068}.Debug|Any CPU.ActiveCfg = Debug|Any CPU
		{C18EC756-5BEE-4C9E-B199-61D1E3E8D068}.Debug|Any CPU.Build.0 = Debug|Any CPU
		{C18EC756-5BEE-4C9E-B199-61D1E3E8D068}.Release|Any CPU.ActiveCfg = Release|Any CPU
		{C18EC756-5BEE-4C9E-B199-61D1E3E8D068}.Release|Any CPU.Build.0 = Release|Any CPU
	EndGlobalSection
	GlobalSection(SolutionProperties) = preSolution
		HideSolutionNode = FALSE
	EndGlobalSection
	GlobalSection(NestedProjects) = preSolution
		{94042D6C-45D3-4EC6-BB2C-0E66C80A04F8} = {D7556A80-5F3E-4578-97B0-30DBE74EA908}
		{042AFE6D-EF1B-44D9-9AEB-0B67D063DAB9} = {4E5383ED-03A7-4BC8-BAF8-18732F8038A0}
		{FD4F567F-875D-4343-9ED2-263B520A9D4A} = {D7556A80-5F3E-4578-97B0-30DBE74EA908}
		{B69B1726-39B6-45A5-AE5A-659114EC1FB2} = {A8FC9E4B-4698-41B0-BC92-D8BB0CB8880B}
		{C18EC756-5BEE-4C9E-B199-61D1E3E8D068} = {D7556A80-5F3E-4578-97B0-30DBE74EA908}
	EndGlobalSection
	GlobalSection(ExtensibilityGlobals) = postSolution
		SolutionGuid = {A893A779-8998-4553-8DE5-4719E450A986}
	EndGlobalSection
EndGlobal
